{
  "name": "@garyb1/eleventy-filter-content-direction",
  "version": "1.0.0",
  "lockfileVersion": 1,
  "requires": true,
  "dependencies": {
    "eleventy-filter-content-direction": {
      "version": "1.0.0",
      "resolved": "https://registry.npmjs.org/eleventy-filter-content-direction/-/eleventy-filter-content-direction-1.0.0.tgz",
      "integrity": "sha512-KXgBYFGJUgaZ2TDh7hml9fcQail8splmfP/NkYUu3ogot4jUFdjgNU49c98iFzFlCmNb7xFoflV3loGriRfbkQ=="
    }
  }
}
